
Microsoft Visual Studio Solution File, Format Version 12.00
Project("{FAE04EC0-301F-11D3-BF4B-00C04F79EFBC}") = "TodoList", "TodoList\TodoList.csproj", "{12CD3FB3-C480-411E-8124-3583B3642D4E}"
EndProject
Global
	GlobalSection(SolutionConfigurationPlatforms) = preSolution
		Debug|Any CPU = Debug|Any CPU
		Release|Any CPU = Release|Any CPU
	EndGlobalSection
	GlobalSection(ProjectConfigurationPlatforms) = postSolution
		{12CD3FB3-C480-411E-8124-3583B3642D4E}.Debug|Any CPU.ActiveCfg = Debug|Any CPU
		{12CD3FB3-C480-411E-8124-3583B3642D4E}.Debug|Any CPU.Build.0 = Debug|Any CPU
		{12CD3FB3-C480-411E-8124-3583B3642D4E}.Release|Any CPU.ActiveCfg = Release|Any CPU
		{12CD3FB3-C480-411E-8124-3583B3642D4E}.Release|Any CPU.Build.0 = Release|Any CPU
	EndGlobalSection
EndGlobal
